
Microsoft Visual Studio Solution File, Format Version 12.00
# Visual Studio 15
VisualStudioVersion = 15.0.26403.0
MinimumVisualStudioVersion = 10.0.40219.1
Project("{FAE04EC0-301F-11D3-BF4B-00C04F79EFBC}") = "Docker.AtSea.Api", "Docker.AtSea.Api\Docker.AtSea.Api.csproj", "{5C2587A2-6F32-45C3-B3F7-D65DF99A45D3}"
EndProject
Project("{00D1A9C2-B5F0-4AF3-8072-F6C62B433612}") = "Docker.AtSea.Database", "Docker.AtSea.Database\Docker.AtSea.Database.sqlproj", "{9F414836-33D0-4BFE-8E39-D1BE3450C3C7}"
EndProject
Global
	GlobalSection(SolutionConfigurationPlatforms) = preSolution
		Debug|Any CPU = Debug|Any CPU
		Release|Any CPU = Release|Any CPU
	EndGlobalSection
	GlobalSection(ProjectConfigurationPlatforms) = postSolution
		{5C2587A2-6F32-45C3-B3F7-D65DF99A45D3}.Debug|Any CPU.ActiveCfg = Debug|Any CPU
		{5C2587A2-6F32-45C3-B3F7-D65DF99A45D3}.Debug|Any CPU.Build.0 = Debug|Any CPU
		{5C2587A2-6F32-45C3-B3F7-D65DF99A45D3}.Release|Any CPU.ActiveCfg = Release|Any CPU
		{5C2587A2-6F32-45C3-B3F7-D65DF99A45D3}.Release|Any CPU.Build.0 = Release|Any CPU
		{9F414836-33D0-4BFE-8E39-D1BE3450C3C7}.Debug|Any CPU.ActiveCfg = Debug|Any CPU
		{9F414836-33D0-4BFE-8E39-D1BE3450C3C7}.Debug|Any CPU.Build.0 = Debug|Any CPU
		{9F414836-33D0-4BFE-8E39-D1BE3450C3C7}.Debug|Any CPU.Deploy.0 = Debug|Any CPU
		{9F414836-33D0-4BFE-8E39-D1BE3450C3C7}.Release|Any CPU.ActiveCfg = Release|Any CPU
		{9F414836-33D0-4BFE-8E39-D1BE3450C3C7}.Release|Any CPU.Build.0 = Release|Any CPU
		{9F414836-33D0-4BFE-8E39-D1BE3450C3C7}.Release|Any CPU.Deploy.0 = Release|Any CPU
	EndGlobalSection
	GlobalSection(SolutionProperties) = preSolution
		HideSolutionNode = FALSE
	EndGlobalSection
EndGlobal
